
Microsoft Visual Studio Solution File, Format Version 12.00
# Visual Studio Version 16
VisualStudioVersion = 16.0.32630.194
MinimumVisualStudioVersion = 10.0.40219.1
Project("{FAE04EC0-301F-11D3-BF4B-00C04F79EFBC}") = "Lab_3", "Lab_3\Lab_3.csproj", "{59027BCD-5602-4191-BC39-9856DE225366}"
EndProject
Global
	GlobalSection(SolutionConfigurationPlatforms) = preSolution
		Debug|Any CPU = Debug|Any CPU
		Release|Any CPU = Release|Any CPU
	EndGlobalSection
	GlobalSection(ProjectConfigurationPlatforms) = postSolution
		{59027BCD-5602-4191-BC39-9856DE225366}.Debug|Any CPU.ActiveCfg = Debug|Any CPU
		{59027BCD-5602-4191-BC39-9856DE225366}.Debug|Any CPU.Build.0 = Debug|Any CPU
		{59027BCD-5602-4191-BC39-9856DE225366}.Release|Any CPU.ActiveCfg = Release|Any CPU
		{59027BCD-5602-4191-BC39-9856DE225366}.Release|Any CPU.Build.0 = Release|Any CPU
	EndGlobalSection
	GlobalSection(SolutionProperties) = preSolution
		HideSolutionNode = FALSE
	EndGlobalSection
	GlobalSection(ExtensibilityGlobals) = postSolution
		SolutionGuid = {513AA6B1-D0E7-4985-8FF5-12E47C6D47E5}
	EndGlobalSection
EndGlobal
